
Microsoft Visual Studio Solution File, Format Version 12.00
# Visual Studio Version 16
VisualStudioVersion = 16.0.29411.108
MinimumVisualStudioVersion = 10.0.40219.1
Project("{FAE04EC0-301F-11D3-BF4B-00C04F79EFBC}") = "Mawjoud2", "Mawjoud2.csproj", "{6104D17B-7C5B-45FD-80EC-EE80B58ABF02}"
EndProject
Global
	GlobalSection(SolutionConfigurationPlatforms) = preSolution
		Debug|Any CPU = Debug|Any CPU
		Release|Any CPU = Release|Any CPU
	EndGlobalSection
	GlobalSection(ProjectConfigurationPlatforms) = postSolution
		{6104D17B-7C5B-45FD-80EC-EE80B58ABF02}.Debug|Any CPU.ActiveCfg = Debug|Any CPU
		{6104D17B-7C5B-45FD-80EC-EE80B58ABF02}.Debug|Any CPU.Build.0 = Debug|Any CPU
		{6104D17B-7C5B-45FD-80EC-EE80B58ABF02}.Release|Any CPU.ActiveCfg = Release|Any CPU
		{6104D17B-7C5B-45FD-80EC-EE80B58ABF02}.Release|Any CPU.Build.0 = Release|Any CPU
	EndGlobalSection
	GlobalSection(SolutionProperties) = preSolution
		HideSolutionNode = FALSE
	EndGlobalSection
	GlobalSection(ExtensibilityGlobals) = postSolution
		SolutionGuid = {2CF4B9C1-3C8D-4DB6-875B-67D0819B9B50}
	EndGlobalSection
EndGlobal
